
Microsoft Visual Studio Solution File, Format Version 12.00
# Visual Studio Version 16
VisualStudioVersion = 16.0.30204.135
MinimumVisualStudioVersion = 10.0.40219.1
Project("{E24C65DC-7377-472B-9ABA-BC803B73C61A}") = "Drug Maangement System", ".", "{960B0BDD-7732-4A64-9266-C9F18132FC1A}"
	ProjectSection(WebsiteProperties) = preProject
		TargetFrameworkMoniker = ".NETFramework,Version%3Dv2.0"
		Debug.AspNetCompiler.VirtualPath = "/drug"
		Debug.AspNetCompiler.PhysicalPath = "..\drug\"
		Debug.AspNetCompiler.TargetPath = "PrecompiledWeb\drug\"
		Debug.AspNetCompiler.Updateable = "true"
		Debug.AspNetCompiler.ForceOverwrite = "true"
		Debug.AspNetCompiler.FixedNames = "false"
		Debug.AspNetCompiler.Debug = "True"
		Release.AspNetCompiler.VirtualPath = "/drug"
		Release.AspNetCompiler.PhysicalPath = "..\drug\"
		Release.AspNetCompiler.TargetPath = "PrecompiledWeb\drug\"
		Release.AspNetCompiler.Updateable = "true"
		Release.AspNetCompiler.ForceOverwrite = "true"
		Release.AspNetCompiler.FixedNames = "false"
		Release.AspNetCompiler.Debug = "False"
		VWDPort = "1033"
	EndProjectSection
EndProject
Global
	GlobalSection(SolutionConfigurationPlatforms) = preSolution
		Debug|.NET = Debug|.NET
	EndGlobalSection
	GlobalSection(ProjectConfigurationPlatforms) = postSolution
		{960B0BDD-7732-4A64-9266-C9F18132FC1A}.Debug|.NET.ActiveCfg = Debug|Any CPU
		{960B0BDD-7732-4A64-9266-C9F18132FC1A}.Debug|.NET.Build.0 = Debug|Any CPU
	EndGlobalSection
	GlobalSection(SolutionProperties) = preSolution
		HideSolutionNode = FALSE
	EndGlobalSection
	GlobalSection(ExtensibilityGlobals) = postSolution
		SolutionGuid = {1FECFCCD-6752-4C67-A8E6-A62C3116102F}
	EndGlobalSection
EndGlobal
